// !$*UTF8*$!
{
	archiveVersion = 1;
	classes = {
	};
	objectVersion = 46;
	objects = {

/* Begin PBXBuildFile section */
		C854EDE1188473DA00F09215 /* main.cpp in Sources */ = {isa = PBXBuildFile; fileRef = C854EDE0188473DA00F09215 /* main.cpp */; };
		C854EDE3188473DA00F09215 /* groovy.1 in CopyFiles */ = {isa = PBXBuildFile; fileRef = C854EDE2188473DA00F09215 /* groovy.1 */; };
/* End PBXBuildFile section */

/* Begin PBXCopyFilesBuildPhase section */
		C854EDDB188473DA00F09215 /* CopyFiles */ = {
			isa = PBXCopyFilesBuildPhase;
			buildActionMask = 2147483647;
			dstPath = /usr/share/man/man1/;
			dstSubfolderSpec = 0;
			files = (
				C854EDE3188473DA00F09215 /* groovy.1 in CopyFiles */,
			);
			runOnlyForDeploymentPostprocessing = 1;
		};
/* End PBXCopyFilesBuildPhase section */

/* Begin PBXFileReference section */
		C854EDDD188473DA00F09215 /* groovy */ = {isa = PBXFileReference; explicitFileType = "compiled.mach-o.executable"; includeInIndex = 0; path = groovy; sourceTree = BUILT_PRODUCTS_DIR; };
		C854EDE0188473DA00F09215 /* main.cpp */ = {isa = PBXFileReference; lastKnownFileType = sourcecode.cpp.cpp; path = main.cpp; sourceTree = "<group>"; };
		C854EDE2188473DA00F09215 /* groovy.1 */ = {isa = PBXFileReference; lastKnownFileType = text.man; path = groovy.1; sourceTree = "<group>"; };
/* End PBXFileReference section */

/* Begin PBXFrameworksBuildPhase section */
		C854EDDA188473DA00F09215 /* Frameworks */ = {
			isa = PBXFrameworksBuildPhase;
			buildActionMask = 2147483647;
			files = (
			);
			runOnlyForDeploymentPostprocessing = 0;
		};
/* End PBXFrameworksBuildPhase section */

/* Begin PBXGroup section */
		C854EDD4188473DA00F09215 = {
			isa = PBXGroup;
			children = (
				C854EDDF188473DA00F09215 /* groovy */,
				C854EDDE188473DA00F09215 /* Products */,
			);
			sourceTree = "<group>";
		};
		C854EDDE188473DA00F09215 /* Products */ = {
			isa = PBXGroup;
			children = (
				C854EDDD188473DA00F09215 /* groovy */,
			);
			name = Products;
			sourceTree = "<group>";
		};
		C854EDDF188473DA00F09215 /* groovy */ = {
			isa = PBXGroup;
			children = (
				C854EDE0188473DA00F09215 /* main.cpp */,
				C854EDE2188473DA00F09215 /* groovy.1 */,
			);
			path = groovy;
			sourceTree = "<group>";
		};
/* End PBXGroup section */

/* Begin PBXNativeTarget section */
		C854EDDC188473DA00F09215 /* groovy */ = {
			isa = PBXNativeTarget;
			buildConfigurationList = C854EDE6188473DA00F09215 /* Build configuration list for PBXNativeTarget "groovy" */;
			buildPhases = (
				C854EDD9188473DA00F09215 /* Sources */,
				C854EDDA188473DA00F09215 /* Frameworks */,
				C854EDDB188473DA00F09215 /* CopyFiles */,
			);
			buildRules = (
			);
			dependencies = (
			);
			name = groovy;
			productName = groovy;
			productReference = C854EDDD188473DA00F09215 /* groovy */;
			productType = "com.apple.product-type.tool";
		};
/* End PBXNativeTarget section */

/* Begin PBXProject section */
		C854EDD5188473DA00F09215 /* Project object */ = {
			isa = PBXProject;
			attributes = {
				LastUpgradeCheck = 0500;
				ORGANIZATIONNAME = "Ethan Caballero";
			};
			buildConfigurationList = C854EDD8188473DA00F09215 /* Build configuration list for PBXProject "groovy" */;
			compatibilityVersion = "Xcode 3.2";
			developmentRegion = English;
			hasScannedForEncodings = 0;
			knownRegions = (
				en,
			);
			mainGroup = C854EDD4188473DA00F09215;
			productRefGroup = C854EDDE188473DA00F09215 /* Products */;
			projectDirPath = "";
			projectRoot = "";
			targets = (
				C854EDDC188473DA00F09215 /* groovy */,
			);
		};
/* End PBXProject section */

/* Begin PBXSourcesBuildPhase section */
		C854EDD9188473DA00F09215 /* Sources */ = {
			isa = PBXSourcesBuildPhase;
			buildActionMask = 2147483647;
			files = (
				C854EDE1188473DA00F09215 /* main.cpp in Sources */,
			);
			runOnlyForDeploymentPostprocessing = 0;
		};
/* End PBXSourcesBuildPhase section */

/* Begin XCBuildConfiguration section */
		C854EDE4188473DA00F09215 /* Debug */ = {
			isa = XCBuildConfiguration;
			buildSettings = {
				ALWAYS_SEARCH_USER_PATHS = NO;
				CLANG_CXX_LANGUAGE_STANDARD = "gnu++0x";
				CLANG_CXX_LIBRARY = "libc++";
				CLANG_ENABLE_OBJC_ARC = YES;
				CLANG_WARN_BOOL_CONVERSION = YES;
				CLANG_WARN_CONSTANT_CONVERSION = YES;
				CLANG_WARN_DIRECT_OBJC_ISA_USAGE = YES_ERROR;
				CLANG_WARN_EMPTY_BODY = YES;
				CLANG_WARN_ENUM_CONVERSION = YES;
				CLANG_WARN_INT_CONVERSION = YES;
				CLANG_WARN_OBJC_ROOT_CLASS = YES_ERROR;
				CLANG_WARN__DUPLICATE_METHOD_MATCH = YES;
				COPY_PHASE_STRIP = NO;
				GCC_C_LANGUAGE_STANDARD = gnu99;
				GCC_DYNAMIC_NO_PIC = NO;
				GCC_ENABLE_OBJC_EXCEPTIONS = YES;
				GCC_OPTIMIZATION_LEVEL = 0;
				GCC_PREPROCESSOR_DEFINITIONS = (
					"DEBUG=1",
					"$(inherited)",
				);
				GCC_SYMBOLS_PRIVATE_EXTERN = NO;
				GCC_WARN_64_TO_32_BIT_CONVERSION = YES;
				GCC_WARN_ABOUT_RETURN_TYPE = YES_ERROR;
				GCC_WARN_UNDECLARED_SELECTOR = YES;
				GCC_WARN_UNINITIALIZED_AUTOS = YES;
				GCC_WARN_UNUSED_FUNCTION = YES;
				GCC_WARN_UNUSED_VARIABLE = YES;
				MACOSX_DEPLOYMENT_TARGET = 10.9;
				ONLY_ACTIVE_ARCH = YES;
				SDKROOT = macosx;
			};
			name = Debug;
		};
		C854EDE5188473DA00F09215 /* Release */ = {
			isa = XCBuildConfiguration;
			buildSettings = {
				ALWAYS_SEARCH_USER_PATHS = NO;
				CLANG_CXX_LANGUAGE_STANDARD = "gnu++0x";
				CLANG_CXX_LIBRARY = "libc++";
				CLANG_ENABLE_OBJC_ARC = YES;
				CLANG_WARN_BOOL_CONVERSION = YES;
				CLANG_WARN_CONSTANT_CONVERSION = YES;
				CLANG_WARN_DIRECT_OBJC_ISA_USAGE = YES_ERROR;
				CLANG_WARN_EMPTY_BODY = YES;
				CLANG_WARN_ENUM_CONVERSION = YES;
				CLANG_WARN_INT_CONVERSION = YES;
				CLANG_WARN_OBJC_ROOT_CLASS = YES_ERROR;
				CLANG_WARN__DUPLICATE_METHOD_MATCH = YES;
				COPY_PHASE_STRIP = YES;
				DEBUG_INFORMATION_FORMAT = "dwarf-with-dsym";
				ENABLE_NS_ASSERTIONS = NO;
				GCC_C_LANGUAGE_STANDARD = gnu99;
				GCC_ENABLE_OBJC_EXCEPTIONS = YES;
				GCC_WARN_64_TO_32_BIT_CONVERSION = YES;
				GCC_WARN_ABOUT_RETURN_TYPE = YES_ERROR;
				GCC_WARN_UNDECLARED_SELECTOR = YES;
				GCC_WARN_UNINITIALIZED_AUTOS = YES;
				GCC_WARN_UNUSED_FUNCTION = YES;
				GCC_WARN_UNUSED_VARIABLE = YES;
				MACOSX_DEPLOYMENT_TARGET = 10.9;
				SDKROOT = macosx;
			};
			name = Release;
		};
		C854EDE7188473DA00F09215 /* Debug */ = {
			isa = XCBuildConfiguration;
			buildSettings = {
				PRODUCT_NAME = "$(TARGET_NAME)";
			};
			name = Debug;
		};
		C854EDE8188473DA00F09215 /* Release */ = {
			isa = XCBuildConfiguration;
			buildSettings = {
				PRODUCT_NAME = "$(TARGET_NAME)";
			};
			name = Release;
		};
/* End XCBuildConfiguration section */

/* Begin XCConfigurationList section */
		C854EDD8188473DA00F09215 /* Build configuration list for PBXProject "groovy" */ = {
			isa = XCConfigurationList;
			buildConfigurations = (
				C854EDE4188473DA00F09215 /* Debug */,
				C854EDE5188473DA00F09215 /* Release */,
			);
			defaultConfigurationIsVisible = 0;
			defaultConfigurationName = Release;
		};
		C854EDE6188473DA00F09215 /* Build configuration list for PBXNativeTarget "groovy" */ = {
			isa = XCConfigurationList;
			buildConfigurations = (
				C854EDE7188473DA00F09215 /* Debug */,
				C854EDE8188473DA00F09215 /* Release */,
			);
			defaultConfigurationIsVisible = 0;
		};
/* End XCConfigurationList section */
	};
	rootObject = C854EDD5188473DA00F09215 /* Project object */;
}
